
Microsoft Visual Studio Solution File, Format Version 12.00
# Visual Studio Version 17
VisualStudioVersion = 17.6.33712.159
MinimumVisualStudioVersion = 10.0.40219.1
Project("{FAE04EC0-301F-11D3-BF4B-00C04F79EFBC}") = "Infobip", "Infobip.csproj", "{025DD7C8-6A9C-4340-92A6-8F55D936D5B9}"
EndProject
Global
	GlobalSection(SolutionConfigurationPlatforms) = preSolution
		Debug|Any CPU = Debug|Any CPU
		Release|Any CPU = Release|Any CPU
	EndGlobalSection
	GlobalSection(ProjectConfigurationPlatforms) = postSolution
		{025DD7C8-6A9C-4340-92A6-8F55D936D5B9}.Debug|Any CPU.ActiveCfg = Debug|Any CPU
		{025DD7C8-6A9C-4340-92A6-8F55D936D5B9}.Debug|Any CPU.Build.0 = Debug|Any CPU
		{025DD7C8-6A9C-4340-92A6-8F55D936D5B9}.Release|Any CPU.ActiveCfg = Release|Any CPU
		{025DD7C8-6A9C-4340-92A6-8F55D936D5B9}.Release|Any CPU.Build.0 = Release|Any CPU
	EndGlobalSection
	GlobalSection(SolutionProperties) = preSolution
		HideSolutionNode = FALSE
	EndGlobalSection
	GlobalSection(ExtensibilityGlobals) = postSolution
		SolutionGuid = {3C2374F8-4CE8-4A5D-B96A-6D33048A43B4}
	EndGlobalSection
EndGlobal
